
Microsoft Visual Studio Solution File, Format Version 12.00
# Visual Studio Version 17
VisualStudioVersion = 17.13.35931.197
MinimumVisualStudioVersion = 10.0.40219.1
Project("{FAE04EC0-301F-11D3-BF4B-00C04F79EFBC}") = "ConwayLifeAPI", "ConwayLifeAPI\ConwayLifeAPI.csproj", "{02CBAAC5-6C5C-4DEF-9697-C80289E349EC}"
EndProject
Project("{FAE04EC0-301F-11D3-BF4B-00C04F79EFBC}") = "ConwayLifeAPI.Tests", "ConwayLifeAPI.Tests\ConwayLifeAPI.Tests.csproj", "{6E95E7E6-FAA6-4CB4-B5CD-46ADFDA88927}"
EndProject
Global
	GlobalSection(SolutionConfigurationPlatforms) = preSolution
		Debug|Any CPU = Debug|Any CPU
		Release|Any CPU = Release|Any CPU
	EndGlobalSection
	GlobalSection(ProjectConfigurationPlatforms) = postSolution
		{02CBAAC5-6C5C-4DEF-9697-C80289E349EC}.Debug|Any CPU.ActiveCfg = Debug|Any CPU
		{02CBAAC5-6C5C-4DEF-9697-C80289E349EC}.Debug|Any CPU.Build.0 = Debug|Any CPU
		{02CBAAC5-6C5C-4DEF-9697-C80289E349EC}.Release|Any CPU.ActiveCfg = Release|Any CPU
		{02CBAAC5-6C5C-4DEF-9697-C80289E349EC}.Release|Any CPU.Build.0 = Release|Any CPU
		{6E95E7E6-FAA6-4CB4-B5CD-46ADFDA88927}.Debug|Any CPU.ActiveCfg = Debug|Any CPU
		{6E95E7E6-FAA6-4CB4-B5CD-46ADFDA88927}.Debug|Any CPU.Build.0 = Debug|Any CPU
		{6E95E7E6-FAA6-4CB4-B5CD-46ADFDA88927}.Release|Any CPU.ActiveCfg = Release|Any CPU
		{6E95E7E6-FAA6-4CB4-B5CD-46ADFDA88927}.Release|Any CPU.Build.0 = Release|Any CPU
	EndGlobalSection
	GlobalSection(SolutionProperties) = preSolution
		HideSolutionNode = FALSE
	EndGlobalSection
	GlobalSection(ExtensibilityGlobals) = postSolution
		SolutionGuid = {756CC1F7-F5DC-4621-B562-190B908123FB}
	EndGlobalSection
EndGlobal
